// !$*UTF8*$!
{
	archiveVersion = 1;
	classes = {
	};
	objectVersion = 55;
	objects = {

/* Begin PBXBuildFile section */
		C9855BBC28424AB3009F345A /* blox.swift in Sources */ = {isa = PBXBuildFile; fileRef = C9855BBB28424AB3009F345A /* blox.swift */; };
		C9855BCF28424AD1009F345A /* LoxCore.framework in Frameworks */ = {isa = PBXBuildFile; fileRef = C9855BC728424AD1009F345A /* LoxCore.framework */; };
		C9855BD428424AD1009F345A /* ScannerTests.swift in Sources */ = {isa = PBXBuildFile; fileRef = C9855BD328424AD1009F345A /* ScannerTests.swift */; };
		C9855BD528424AD1009F345A /* LoxCore.h in Headers */ = {isa = PBXBuildFile; fileRef = C9855BC928424AD1009F345A /* LoxCore.h */; settings = {ATTRIBUTES = (Public, ); }; };
		C9855BDD28424AD9009F345A /* LoxCore.framework in Frameworks */ = {isa = PBXBuildFile; fileRef = C9855BC728424AD1009F345A /* LoxCore.framework */; };
		C9855BDE28424AD9009F345A /* LoxCore.framework in Embed Frameworks */ = {isa = PBXBuildFile; fileRef = C9855BC728424AD1009F345A /* LoxCore.framework */; settings = {ATTRIBUTES = (CodeSignOnCopy, RemoveHeadersOnCopy, ); }; };
		C9855BE528424AFC009F345A /* OpCode.swift in Sources */ = {isa = PBXBuildFile; fileRef = C9855BE228424AFC009F345A /* OpCode.swift */; };
		C9855BE628424AFC009F345A /* Value.swift in Sources */ = {isa = PBXBuildFile; fileRef = C9855BE328424AFC009F345A /* Value.swift */; };
		C9855BE728424AFC009F345A /* Chunck.swift in Sources */ = {isa = PBXBuildFile; fileRef = C9855BE428424AFC009F345A /* Chunck.swift */; };
		C9B77A2E28445C5200E84544 /* VM.swift in Sources */ = {isa = PBXBuildFile; fileRef = C9B77A2D28445C5200E84544 /* VM.swift */; };
		C9B77A3028449BBB00E84544 /* Error.swift in Sources */ = {isa = PBXBuildFile; fileRef = C9B77A2F28449BBB00E84544 /* Error.swift */; };
		C9B77A332844B1C500E84544 /* ArgumentParser in Frameworks */ = {isa = PBXBuildFile; productRef = C9B77A322844B1C500E84544 /* ArgumentParser */; };
		C9B77A352844B5B900E84544 /* Scanner.swift in Sources */ = {isa = PBXBuildFile; fileRef = C9B77A342844B5B900E84544 /* Scanner.swift */; };
		C9B77A372844B73B00E84544 /* Compiler.swift in Sources */ = {isa = PBXBuildFile; fileRef = C9B77A362844B73B00E84544 /* Compiler.swift */; };
		C9B77A3A2844BF6C00E84544 /* Token.swift in Sources */ = {isa = PBXBuildFile; fileRef = C9B77A392844BF6C00E84544 /* Token.swift */; };
		C9B77A3D2844C39900E84544 /* Character+.swift in Sources */ = {isa = PBXBuildFile; fileRef = C9B77A3C2844C39900E84544 /* Character+.swift */; };
/* End PBXBuildFile section */

/* Begin PBXContainerItemProxy section */
		C9855BD028424AD1009F345A /* PBXContainerItemProxy */ = {
			isa = PBXContainerItemProxy;
			containerPortal = C9855BB028424AB3009F345A /* Project object */;
			proxyType = 1;
			remoteGlobalIDString = C9855BC628424AD1009F345A;
			remoteInfo = LoxCore;
		};
		C9855BDF28424AD9009F345A /* PBXContainerItemProxy */ = {
			isa = PBXContainerItemProxy;
			containerPortal = C9855BB028424AB3009F345A /* Project object */;
			proxyType = 1;
			remoteGlobalIDString = C9855BC628424AD1009F345A;
			remoteInfo = LoxCore;
		};
/* End PBXContainerItemProxy section */

/* Begin PBXCopyFilesBuildPhase section */
		C9855BB628424AB3009F345A /* CopyFiles */ = {
			isa = PBXCopyFilesBuildPhase;
			buildActionMask = 2147483647;
			dstPath = /usr/share/man/man1/;
			dstSubfolderSpec = 0;
			files = (
			);
			runOnlyForDeploymentPostprocessing = 1;
		};
		C9855BE128424AD9009F345A /* Embed Frameworks */ = {
			isa = PBXCopyFilesBuildPhase;
			buildActionMask = 2147483647;
			dstPath = "";
			dstSubfolderSpec = 10;
			files = (
				C9855BDE28424AD9009F345A /* LoxCore.framework in Embed Frameworks */,
			);
			name = "Embed Frameworks";
			runOnlyForDeploymentPostprocessing = 0;
		};
/* End PBXCopyFilesBuildPhase section */

/* Begin PBXFileReference section */
		C9855BB828424AB3009F345A /* blox */ = {isa = PBXFileReference; explicitFileType = "compiled.mach-o.executable"; includeInIndex = 0; path = blox; sourceTree = BUILT_PRODUCTS_DIR; };
		C9855BBB28424AB3009F345A /* blox.swift */ = {isa = PBXFileReference; lastKnownFileType = sourcecode.swift; path = blox.swift; sourceTree = "<group>"; };
		C9855BC728424AD1009F345A /* LoxCore.framework */ = {isa = PBXFileReference; explicitFileType = wrapper.framework; includeInIndex = 0; path = LoxCore.framework; sourceTree = BUILT_PRODUCTS_DIR; };
		C9855BC928424AD1009F345A /* LoxCore.h */ = {isa = PBXFileReference; lastKnownFileType = sourcecode.c.h; path = LoxCore.h; sourceTree = "<group>"; };
		C9855BCE28424AD1009F345A /* LoxCoreTests.xctest */ = {isa = PBXFileReference; explicitFileType = wrapper.cfbundle; includeInIndex = 0; path = LoxCoreTests.xctest; sourceTree = BUILT_PRODUCTS_DIR; };
		C9855BD328424AD1009F345A /* ScannerTests.swift */ = {isa = PBXFileReference; lastKnownFileType = sourcecode.swift; path = ScannerTests.swift; sourceTree = "<group>"; };
		C9855BE228424AFC009F345A /* OpCode.swift */ = {isa = PBXFileReference; fileEncoding = 4; lastKnownFileType = sourcecode.swift; path = OpCode.swift; sourceTree = "<group>"; };
		C9855BE328424AFC009F345A /* Value.swift */ = {isa = PBXFileReference; fileEncoding = 4; lastKnownFileType = sourcecode.swift; path = Value.swift; sourceTree = "<group>"; };
		C9855BE428424AFC009F345A /* Chunck.swift */ = {isa = PBXFileReference; fileEncoding = 4; lastKnownFileType = sourcecode.swift; path = Chunck.swift; sourceTree = "<group>"; };
		C9B77A2D28445C5200E84544 /* VM.swift */ = {isa = PBXFileReference; lastKnownFileType = sourcecode.swift; path = VM.swift; sourceTree = "<group>"; };
		C9B77A2F28449BBB00E84544 /* Error.swift */ = {isa = PBXFileReference; lastKnownFileType = sourcecode.swift; path = Error.swift; sourceTree = "<group>"; };
		C9B77A342844B5B900E84544 /* Scanner.swift */ = {isa = PBXFileReference; lastKnownFileType = sourcecode.swift; path = Scanner.swift; sourceTree = "<group>"; };
		C9B77A362844B73B00E84544 /* Compiler.swift */ = {isa = PBXFileReference; lastKnownFileType = sourcecode.swift; path = Compiler.swift; sourceTree = "<group>"; };
		C9B77A392844BF6C00E84544 /* Token.swift */ = {isa = PBXFileReference; lastKnownFileType = sourcecode.swift; path = Token.swift; sourceTree = "<group>"; };
		C9B77A3C2844C39900E84544 /* Character+.swift */ = {isa = PBXFileReference; lastKnownFileType = sourcecode.swift; path = "Character+.swift"; sourceTree = "<group>"; };
/* End PBXFileReference section */

/* Begin PBXFrameworksBuildPhase section */
		C9855BB528424AB3009F345A /* Frameworks */ = {
			isa = PBXFrameworksBuildPhase;
			buildActionMask = 2147483647;
			files = (
				C9B77A332844B1C500E84544 /* ArgumentParser in Frameworks */,
				C9855BDD28424AD9009F345A /* LoxCore.framework in Frameworks */,
			);
			runOnlyForDeploymentPostprocessing = 0;
		};
		C9855BC428424AD1009F345A /* Frameworks */ = {
			isa = PBXFrameworksBuildPhase;
			buildActionMask = 2147483647;
			files = (
			);
			runOnlyForDeploymentPostprocessing = 0;
		};
		C9855BCB28424AD1009F345A /* Frameworks */ = {
			isa = PBXFrameworksBuildPhase;
			buildActionMask = 2147483647;
			files = (
				C9855BCF28424AD1009F345A /* LoxCore.framework in Frameworks */,
			);
			runOnlyForDeploymentPostprocessing = 0;
		};
/* End PBXFrameworksBuildPhase section */

/* Begin PBXGroup section */
		C9855BAF28424AB3009F345A = {
			isa = PBXGroup;
			children = (
				C9855BBA28424AB3009F345A /* blox */,
				C9855BC828424AD1009F345A /* LoxCore */,
				C9855BD228424AD1009F345A /* LoxCoreTests */,
				C9855BB928424AB3009F345A /* Products */,
				C9855BDC28424AD9009F345A /* Frameworks */,
			);
			sourceTree = "<group>";
		};
		C9855BB928424AB3009F345A /* Products */ = {
			isa = PBXGroup;
			children = (
				C9855BB828424AB3009F345A /* blox */,
				C9855BC728424AD1009F345A /* LoxCore.framework */,
				C9855BCE28424AD1009F345A /* LoxCoreTests.xctest */,
			);
			name = Products;
			sourceTree = "<group>";
		};
		C9855BBA28424AB3009F345A /* blox */ = {
			isa = PBXGroup;
			children = (
				C9855BBB28424AB3009F345A /* blox.swift */,
			);
			path = blox;
			sourceTree = "<group>";
		};
		C9855BC828424AD1009F345A /* LoxCore */ = {
			isa = PBXGroup;
			children = (
				C9B77A3B2844C38B00E84544 /* Utils */,
				C9B77A382844BF5800E84544 /* AST */,
				C9855BE428424AFC009F345A /* Chunck.swift */,
				C9855BE228424AFC009F345A /* OpCode.swift */,
				C9855BE328424AFC009F345A /* Value.swift */,
				C9855BC928424AD1009F345A /* LoxCore.h */,
				C9B77A2D28445C5200E84544 /* VM.swift */,
				C9B77A2F28449BBB00E84544 /* Error.swift */,
				C9B77A362844B73B00E84544 /* Compiler.swift */,
			);
			path = LoxCore;
			sourceTree = "<group>";
		};
		C9855BD228424AD1009F345A /* LoxCoreTests */ = {
			isa = PBXGroup;
			children = (
				C9855BD328424AD1009F345A /* ScannerTests.swift */,
			);
			path = LoxCoreTests;
			sourceTree = "<group>";
		};
		C9855BDC28424AD9009F345A /* Frameworks */ = {
			isa = PBXGroup;
			children = (
			);
			name = Frameworks;
			sourceTree = "<group>";
		};
		C9B77A382844BF5800E84544 /* AST */ = {
			isa = PBXGroup;
			children = (
				C9B77A342844B5B900E84544 /* Scanner.swift */,
				C9B77A392844BF6C00E84544 /* Token.swift */,
			);
			path = AST;
			sourceTree = "<group>";
		};
		C9B77A3B2844C38B00E84544 /* Utils */ = {
			isa = PBXGroup;
			children = (
				C9B77A3C2844C39900E84544 /* Character+.swift */,
			);
			path = Utils;
			sourceTree = "<group>";
		};
/* End PBXGroup section */

/* Begin PBXHeadersBuildPhase section */
		C9855BC228424AD1009F345A /* Headers */ = {
			isa = PBXHeadersBuildPhase;
			buildActionMask = 2147483647;
			files = (
				C9855BD528424AD1009F345A /* LoxCore.h in Headers */,
			);
			runOnlyForDeploymentPostprocessing = 0;
		};
/* End PBXHeadersBuildPhase section */

/* Begin PBXNativeTarget section */
		C9855BB728424AB3009F345A /* blox */ = {
			isa = PBXNativeTarget;
			buildConfigurationList = C9855BBF28424AB3009F345A /* Build configuration list for PBXNativeTarget "blox" */;
			buildPhases = (
				C9855BB428424AB3009F345A /* Sources */,
				C9855BB528424AB3009F345A /* Frameworks */,
				C9855BB628424AB3009F345A /* CopyFiles */,
				C9855BE128424AD9009F345A /* Embed Frameworks */,
			);
			buildRules = (
			);
			dependencies = (
				C9855BE028424AD9009F345A /* PBXTargetDependency */,
			);
			name = blox;
			packageProductDependencies = (
				C9B77A322844B1C500E84544 /* ArgumentParser */,
			);
			productName = blox;
			productReference = C9855BB828424AB3009F345A /* blox */;
			productType = "com.apple.product-type.tool";
		};
		C9855BC628424AD1009F345A /* LoxCore */ = {
			isa = PBXNativeTarget;
			buildConfigurationList = C9855BD628424AD1009F345A /* Build configuration list for PBXNativeTarget "LoxCore" */;
			buildPhases = (
				C9855BC228424AD1009F345A /* Headers */,
				C9855BC328424AD1009F345A /* Sources */,
				C9855BC428424AD1009F345A /* Frameworks */,
				C9855BC528424AD1009F345A /* Resources */,
			);
			buildRules = (
			);
			dependencies = (
			);
			name = LoxCore;
			productName = LoxCore;
			productReference = C9855BC728424AD1009F345A /* LoxCore.framework */;
			productType = "com.apple.product-type.framework";
		};
		C9855BCD28424AD1009F345A /* LoxCoreTests */ = {
			isa = PBXNativeTarget;
			buildConfigurationList = C9855BD928424AD1009F345A /* Build configuration list for PBXNativeTarget "LoxCoreTests" */;
			buildPhases = (
				C9855BCA28424AD1009F345A /* Sources */,
				C9855BCB28424AD1009F345A /* Frameworks */,
				C9855BCC28424AD1009F345A /* Resources */,
			);
			buildRules = (
			);
			dependencies = (
				C9855BD128424AD1009F345A /* PBXTargetDependency */,
			);
			name = LoxCoreTests;
			productName = LoxCoreTests;
			productReference = C9855BCE28424AD1009F345A /* LoxCoreTests.xctest */;
			productType = "com.apple.product-type.bundle.unit-test";
		};
/* End PBXNativeTarget section */

/* Begin PBXProject section */
		C9855BB028424AB3009F345A /* Project object */ = {
			isa = PBXProject;
			attributes = {
				BuildIndependentTargetsInParallel = 1;
				LastSwiftUpdateCheck = 1340;
				LastUpgradeCheck = 1340;
				TargetAttributes = {
					C9855BB728424AB3009F345A = {
						CreatedOnToolsVersion = 13.4;
					};
					C9855BC628424AD1009F345A = {
						CreatedOnToolsVersion = 13.4;
						LastSwiftMigration = 1340;
					};
					C9855BCD28424AD1009F345A = {
						CreatedOnToolsVersion = 13.4;
					};
				};
			};
			buildConfigurationList = C9855BB328424AB3009F345A /* Build configuration list for PBXProject "blox" */;
			compatibilityVersion = "Xcode 13.0";
			developmentRegion = en;
			hasScannedForEncodings = 0;
			knownRegions = (
				en,
				Base,
			);
			mainGroup = C9855BAF28424AB3009F345A;
			packageReferences = (
				C9B77A312844B1C500E84544 /* XCRemoteSwiftPackageReference "swift-argument-parser" */,
			);
			productRefGroup = C9855BB928424AB3009F345A /* Products */;
			projectDirPath = "";
			projectRoot = "";
			targets = (
				C9855BB728424AB3009F345A /* blox */,
				C9855BC628424AD1009F345A /* LoxCore */,
				C9855BCD28424AD1009F345A /* LoxCoreTests */,
			);
		};
/* End PBXProject section */

/* Begin PBXResourcesBuildPhase section */
		C9855BC528424AD1009F345A /* Resources */ = {
			isa = PBXResourcesBuildPhase;
			buildActionMask = 2147483647;
			files = (
			);
			runOnlyForDeploymentPostprocessing = 0;
		};
		C9855BCC28424AD1009F345A /* Resources */ = {
			isa = PBXResourcesBuildPhase;
			buildActionMask = 2147483647;
			files = (
			);
			runOnlyForDeploymentPostprocessing = 0;
		};
/* End PBXResourcesBuildPhase section */

/* Begin PBXSourcesBuildPhase section */
		C9855BB428424AB3009F345A /* Sources */ = {
			isa = PBXSourcesBuildPhase;
			buildActionMask = 2147483647;
			files = (
				C9855BBC28424AB3009F345A /* blox.swift in Sources */,
			);
			runOnlyForDeploymentPostprocessing = 0;
		};
		C9855BC328424AD1009F345A /* Sources */ = {
			isa = PBXSourcesBuildPhase;
			buildActionMask = 2147483647;
			files = (
				C9855BE728424AFC009F345A /* Chunck.swift in Sources */,
				C9855BE528424AFC009F345A /* OpCode.swift in Sources */,
				C9B77A372844B73B00E84544 /* Compiler.swift in Sources */,
				C9B77A2E28445C5200E84544 /* VM.swift in Sources */,
				C9B77A3028449BBB00E84544 /* Error.swift in Sources */,
				C9B77A352844B5B900E84544 /* Scanner.swift in Sources */,
				C9855BE628424AFC009F345A /* Value.swift in Sources */,
				C9B77A3D2844C39900E84544 /* Character+.swift in Sources */,
				C9B77A3A2844BF6C00E84544 /* Token.swift in Sources */,
			);
			runOnlyForDeploymentPostprocessing = 0;
		};
		C9855BCA28424AD1009F345A /* Sources */ = {
			isa = PBXSourcesBuildPhase;
			buildActionMask = 2147483647;
			files = (
				C9855BD428424AD1009F345A /* ScannerTests.swift in Sources */,
			);
			runOnlyForDeploymentPostprocessing = 0;
		};
/* End PBXSourcesBuildPhase section */

/* Begin PBXTargetDependency section */
		C9855BD128424AD1009F345A /* PBXTargetDependency */ = {
			isa = PBXTargetDependency;
			target = C9855BC628424AD1009F345A /* LoxCore */;
			targetProxy = C9855BD028424AD1009F345A /* PBXContainerItemProxy */;
		};
		C9855BE028424AD9009F345A /* PBXTargetDependency */ = {
			isa = PBXTargetDependency;
			target = C9855BC628424AD1009F345A /* LoxCore */;
			targetProxy = C9855BDF28424AD9009F345A /* PBXContainerItemProxy */;
		};
/* End PBXTargetDependency section */

/* Begin XCBuildConfiguration section */
		C9855BBD28424AB3009F345A /* Debug */ = {
			isa = XCBuildConfiguration;
			buildSettings = {
				ALWAYS_SEARCH_USER_PATHS = NO;
				CLANG_ANALYZER_NONNULL = YES;
				CLANG_ANALYZER_NUMBER_OBJECT_CONVERSION = YES_AGGRESSIVE;
				CLANG_CXX_LANGUAGE_STANDARD = "gnu++17";
				CLANG_ENABLE_MODULES = YES;
				CLANG_ENABLE_OBJC_ARC = YES;
				CLANG_ENABLE_OBJC_WEAK = YES;
				CLANG_WARN_BLOCK_CAPTURE_AUTORELEASING = YES;
				CLANG_WARN_BOOL_CONVERSION = YES;
				CLANG_WARN_COMMA = YES;
				CLANG_WARN_CONSTANT_CONVERSION = YES;
				CLANG_WARN_DEPRECATED_OBJC_IMPLEMENTATIONS = YES;
				CLANG_WARN_DIRECT_OBJC_ISA_USAGE = YES_ERROR;
				CLANG_WARN_DOCUMENTATION_COMMENTS = YES;
				CLANG_WARN_EMPTY_BODY = YES;
				CLANG_WARN_ENUM_CONVERSION = YES;
				CLANG_WARN_INFINITE_RECURSION = YES;
				CLANG_WARN_INT_CONVERSION = YES;
				CLANG_WARN_NON_LITERAL_NULL_CONVERSION = YES;
				CLANG_WARN_OBJC_IMPLICIT_RETAIN_SELF = YES;
				CLANG_WARN_OBJC_LITERAL_CONVERSION = YES;
				CLANG_WARN_OBJC_ROOT_CLASS = YES_ERROR;
				CLANG_WARN_QUOTED_INCLUDE_IN_FRAMEWORK_HEADER = YES;
				CLANG_WARN_RANGE_LOOP_ANALYSIS = YES;
				CLANG_WARN_STRICT_PROTOTYPES = YES;
				CLANG_WARN_SUSPICIOUS_MOVE = YES;
				CLANG_WARN_UNGUARDED_AVAILABILITY = YES_AGGRESSIVE;
				CLANG_WARN_UNREACHABLE_CODE = YES;
				CLANG_WARN__DUPLICATE_METHOD_MATCH = YES;
				COPY_PHASE_STRIP = NO;
				DEBUG_INFORMATION_FORMAT = dwarf;
				ENABLE_STRICT_OBJC_MSGSEND = YES;
				ENABLE_TESTABILITY = YES;
				GCC_C_LANGUAGE_STANDARD = gnu11;
				GCC_DYNAMIC_NO_PIC = NO;
				GCC_NO_COMMON_BLOCKS = YES;
				GCC_OPTIMIZATION_LEVEL = 0;
				GCC_PREPROCESSOR_DEFINITIONS = (
					"DEBUG=1",
					"$(inherited)",
				);
				GCC_WARN_64_TO_32_BIT_CONVERSION = YES;
				GCC_WARN_ABOUT_RETURN_TYPE = YES_ERROR;
				GCC_WARN_UNDECLARED_SELECTOR = YES;
				GCC_WARN_UNINITIALIZED_AUTOS = YES_AGGRESSIVE;
				GCC_WARN_UNUSED_FUNCTION = YES;
				GCC_WARN_UNUSED_VARIABLE = YES;
				MACOSX_DEPLOYMENT_TARGET = 12.3;
				MTL_ENABLE_DEBUG_INFO = INCLUDE_SOURCE;
				MTL_FAST_MATH = YES;
				ONLY_ACTIVE_ARCH = YES;
				SDKROOT = macosx;
				SWIFT_ACTIVE_COMPILATION_CONDITIONS = DEBUG;
				SWIFT_OPTIMIZATION_LEVEL = "-Onone";
			};
			name = Debug;
		};
		C9855BBE28424AB3009F345A /* Release */ = {
			isa = XCBuildConfiguration;
			buildSettings = {
				ALWAYS_SEARCH_USER_PATHS = NO;
				CLANG_ANALYZER_NONNULL = YES;
				CLANG_ANALYZER_NUMBER_OBJECT_CONVERSION = YES_AGGRESSIVE;
				CLANG_CXX_LANGUAGE_STANDARD = "gnu++17";
				CLANG_ENABLE_MODULES = YES;
				CLANG_ENABLE_OBJC_ARC = YES;
				CLANG_ENABLE_OBJC_WEAK = YES;
				CLANG_WARN_BLOCK_CAPTURE_AUTORELEASING = YES;
				CLANG_WARN_BOOL_CONVERSION = YES;
				CLANG_WARN_COMMA = YES;
				CLANG_WARN_CONSTANT_CONVERSION = YES;
				CLANG_WARN_DEPRECATED_OBJC_IMPLEMENTATIONS = YES;
				CLANG_WARN_DIRECT_OBJC_ISA_USAGE = YES_ERROR;
				CLANG_WARN_DOCUMENTATION_COMMENTS = YES;
				CLANG_WARN_EMPTY_BODY = YES;
				CLANG_WARN_ENUM_CONVERSION = YES;
				CLANG_WARN_INFINITE_RECURSION = YES;
				CLANG_WARN_INT_CONVERSION = YES;
				CLANG_WARN_NON_LITERAL_NULL_CONVERSION = YES;
				CLANG_WARN_OBJC_IMPLICIT_RETAIN_SELF = YES;
				CLANG_WARN_OBJC_LITERAL_CONVERSION = YES;
				CLANG_WARN_OBJC_ROOT_CLASS = YES_ERROR;
				CLANG_WARN_QUOTED_INCLUDE_IN_FRAMEWORK_HEADER = YES;
				CLANG_WARN_RANGE_LOOP_ANALYSIS = YES;
				CLANG_WARN_STRICT_PROTOTYPES = YES;
				CLANG_WARN_SUSPICIOUS_MOVE = YES;
				CLANG_WARN_UNGUARDED_AVAILABILITY = YES_AGGRESSIVE;
				CLANG_WARN_UNREACHABLE_CODE = YES;
				CLANG_WARN__DUPLICATE_METHOD_MATCH = YES;
				COPY_PHASE_STRIP = NO;
				DEBUG_INFORMATION_FORMAT = "dwarf-with-dsym";
				ENABLE_NS_ASSERTIONS = NO;
				ENABLE_STRICT_OBJC_MSGSEND = YES;
				GCC_C_LANGUAGE_STANDARD = gnu11;
				GCC_NO_COMMON_BLOCKS = YES;
				GCC_WARN_64_TO_32_BIT_CONVERSION = YES;
				GCC_WARN_ABOUT_RETURN_TYPE = YES_ERROR;
				GCC_WARN_UNDECLARED_SELECTOR = YES;
				GCC_WARN_UNINITIALIZED_AUTOS = YES_AGGRESSIVE;
				GCC_WARN_UNUSED_FUNCTION = YES;
				GCC_WARN_UNUSED_VARIABLE = YES;
				MACOSX_DEPLOYMENT_TARGET = 12.3;
				MTL_ENABLE_DEBUG_INFO = NO;
				MTL_FAST_MATH = YES;
				SDKROOT = macosx;
				SWIFT_COMPILATION_MODE = wholemodule;
				SWIFT_OPTIMIZATION_LEVEL = "-O";
			};
			name = Release;
		};
		C9855BC028424AB3009F345A /* Debug */ = {
			isa = XCBuildConfiguration;
			buildSettings = {
				CODE_SIGN_STYLE = Automatic;
				DEVELOPMENT_TEAM = VA4EALFFD8;
				ENABLE_HARDENED_RUNTIME = YES;
				PRODUCT_NAME = "$(TARGET_NAME)";
				SWIFT_VERSION = 5.0;
			};
			name = Debug;
		};
		C9855BC128424AB3009F345A /* Release */ = {
			isa = XCBuildConfiguration;
			buildSettings = {
				CODE_SIGN_STYLE = Automatic;
				DEVELOPMENT_TEAM = VA4EALFFD8;
				ENABLE_HARDENED_RUNTIME = YES;
				PRODUCT_NAME = "$(TARGET_NAME)";
				SWIFT_VERSION = 5.0;
			};
			name = Release;
		};
		C9855BD728424AD1009F345A /* Debug */ = {
			isa = XCBuildConfiguration;
			buildSettings = {
				CLANG_ENABLE_MODULES = YES;
				CODE_SIGN_STYLE = Automatic;
				COMBINE_HIDPI_IMAGES = YES;
				CURRENT_PROJECT_VERSION = 1;
				DEFINES_MODULE = YES;
				DEVELOPMENT_TEAM = VA4EALFFD8;
				DYLIB_COMPATIBILITY_VERSION = 1;
				DYLIB_CURRENT_VERSION = 1;
				DYLIB_INSTALL_NAME_BASE = "@rpath";
				GENERATE_INFOPLIST_FILE = YES;
				INFOPLIST_KEY_NSHumanReadableCopyright = "";
				INSTALL_PATH = "$(LOCAL_LIBRARY_DIR)/Frameworks";
				LD_RUNPATH_SEARCH_PATHS = (
					"$(inherited)",
					"@executable_path/../Frameworks",
					"@loader_path/Frameworks",
				);
				MARKETING_VERSION = 1.0;
				PRODUCT_BUNDLE_IDENTIFIER = dev.imcc.LoxCore;
				PRODUCT_NAME = "$(TARGET_NAME:c99extidentifier)";
				SKIP_INSTALL = YES;
				SWIFT_EMIT_LOC_STRINGS = YES;
				SWIFT_OPTIMIZATION_LEVEL = "-Onone";
				SWIFT_VERSION = 5.0;
				TRACE_EXECUTION = YES;
				VERSIONING_SYSTEM = "apple-generic";
				VERSION_INFO_PREFIX = "";
			};
			name = Debug;
		};
		C9855BD828424AD1009F345A /* Release */ = {
			isa = XCBuildConfiguration;
			buildSettings = {
				CLANG_ENABLE_MODULES = YES;
				CODE_SIGN_STYLE = Automatic;
				COMBINE_HIDPI_IMAGES = YES;
				CURRENT_PROJECT_VERSION = 1;
				DEFINES_MODULE = YES;
				DEVELOPMENT_TEAM = VA4EALFFD8;
				DYLIB_COMPATIBILITY_VERSION = 1;
				DYLIB_CURRENT_VERSION = 1;
				DYLIB_INSTALL_NAME_BASE = "@rpath";
				GENERATE_INFOPLIST_FILE = YES;
				INFOPLIST_KEY_NSHumanReadableCopyright = "";
				INSTALL_PATH = "$(LOCAL_LIBRARY_DIR)/Frameworks";
				LD_RUNPATH_SEARCH_PATHS = (
					"$(inherited)",
					"@executable_path/../Frameworks",
					"@loader_path/Frameworks",
				);
				MARKETING_VERSION = 1.0;
				PRODUCT_BUNDLE_IDENTIFIER = dev.imcc.LoxCore;
				PRODUCT_NAME = "$(TARGET_NAME:c99extidentifier)";
				SKIP_INSTALL = YES;
				SWIFT_EMIT_LOC_STRINGS = YES;
				SWIFT_VERSION = 5.0;
				TRACE_EXECUTION = NO;
				VERSIONING_SYSTEM = "apple-generic";
				VERSION_INFO_PREFIX = "";
			};
			name = Release;
		};
		C9855BDA28424AD1009F345A /* Debug */ = {
			isa = XCBuildConfiguration;
			buildSettings = {
				ALWAYS_EMBED_SWIFT_STANDARD_LIBRARIES = YES;
				CODE_SIGN_STYLE = Automatic;
				CURRENT_PROJECT_VERSION = 1;
				DEVELOPMENT_TEAM = VA4EALFFD8;
				GENERATE_INFOPLIST_FILE = YES;
				MARKETING_VERSION = 1.0;
				PRODUCT_BUNDLE_IDENTIFIER = dev.imcc.LoxCoreTests;
				PRODUCT_NAME = "$(TARGET_NAME)";
				SWIFT_EMIT_LOC_STRINGS = NO;
				SWIFT_VERSION = 5.0;
			};
			name = Debug;
		};
		C9855BDB28424AD1009F345A /* Release */ = {
			isa = XCBuildConfiguration;
			buildSettings = {
				ALWAYS_EMBED_SWIFT_STANDARD_LIBRARIES = YES;
				CODE_SIGN_STYLE = Automatic;
				CURRENT_PROJECT_VERSION = 1;
				DEVELOPMENT_TEAM = VA4EALFFD8;
				GENERATE_INFOPLIST_FILE = YES;
				MARKETING_VERSION = 1.0;
				PRODUCT_BUNDLE_IDENTIFIER = dev.imcc.LoxCoreTests;
				PRODUCT_NAME = "$(TARGET_NAME)";
				SWIFT_EMIT_LOC_STRINGS = NO;
				SWIFT_VERSION = 5.0;
			};
			name = Release;
		};
/* End XCBuildConfiguration section */

/* Begin XCConfigurationList section */
		C9855BB328424AB3009F345A /* Build configuration list for PBXProject "blox" */ = {
			isa = XCConfigurationList;
			buildConfigurations = (
				C9855BBD28424AB3009F345A /* Debug */,
				C9855BBE28424AB3009F345A /* Release */,
			);
			defaultConfigurationIsVisible = 0;
			defaultConfigurationName = Release;
		};
		C9855BBF28424AB3009F345A /* Build configuration list for PBXNativeTarget "blox" */ = {
			isa = XCConfigurationList;
			buildConfigurations = (
				C9855BC028424AB3009F345A /* Debug */,
				C9855BC128424AB3009F345A /* Release */,
			);
			defaultConfigurationIsVisible = 0;
			defaultConfigurationName = Release;
		};
		C9855BD628424AD1009F345A /* Build configuration list for PBXNativeTarget "LoxCore" */ = {
			isa = XCConfigurationList;
			buildConfigurations = (
				C9855BD728424AD1009F345A /* Debug */,
				C9855BD828424AD1009F345A /* Release */,
			);
			defaultConfigurationIsVisible = 0;
			defaultConfigurationName = Release;
		};
		C9855BD928424AD1009F345A /* Build configuration list for PBXNativeTarget "LoxCoreTests" */ = {
			isa = XCConfigurationList;
			buildConfigurations = (
				C9855BDA28424AD1009F345A /* Debug */,
				C9855BDB28424AD1009F345A /* Release */,
			);
			defaultConfigurationIsVisible = 0;
			defaultConfigurationName = Release;
		};
/* End XCConfigurationList section */

/* Begin XCRemoteSwiftPackageReference section */
		C9B77A312844B1C500E84544 /* XCRemoteSwiftPackageReference "swift-argument-parser" */ = {
			isa = XCRemoteSwiftPackageReference;
			repositoryURL = "https://github.com/apple/swift-argument-parser.git";
			requirement = {
				kind = upToNextMajorVersion;
				minimumVersion = 1.0.0;
			};
		};
/* End XCRemoteSwiftPackageReference section */

/* Begin XCSwiftPackageProductDependency section */
		C9B77A322844B1C500E84544 /* ArgumentParser */ = {
			isa = XCSwiftPackageProductDependency;
			package = C9B77A312844B1C500E84544 /* XCRemoteSwiftPackageReference "swift-argument-parser" */;
			productName = ArgumentParser;
		};
/* End XCSwiftPackageProductDependency section */
	};
	rootObject = C9855BB028424AB3009F345A /* Project object */;
}
